// !$*UTF8*$!
{
	archiveVersion = 1;
	classes = {
	};
	objectVersion = 46;
	objects = {

/* Begin PBXBuildFile section */
		F107BDBA1F4FF2550012C345 /* main.m in Sources */ = {isa = PBXBuildFile; fileRef = F107BDB91F4FF2550012C345 /* main.m */; };
		F107BDBD1F4FF2550012C345 /* AppDelegate.m in Sources */ = {isa = PBXBuildFile; fileRef = F107BDBC1F4FF2550012C345 /* AppDelegate.m */; };
		F107BDC01F4FF2550012C345 /* ViewController.m in Sources */ = {isa = PBXBuildFile; fileRef = F107BDBF1F4FF2550012C345 /* ViewController.m */; };
		F107BDC31F4FF2550012C345 /* Main.storyboard in Resources */ = {isa = PBXBuildFile; fileRef = F107BDC11F4FF2550012C345 /* Main.storyboard */; };
		F107BDC51F4FF2550012C345 /* Assets.xcassets in Resources */ = {isa = PBXBuildFile; fileRef = F107BDC41F4FF2550012C345 /* Assets.xcassets */; };
		F107BDC81F4FF2550012C345 /* LaunchScreen.storyboard in Resources */ = {isa = PBXBuildFile; fileRef = F107BDC61F4FF2550012C345 /* LaunchScreen.storyboard */; };
		F107BDFC1F500E1D0012C345 /* AFHTTPSessionManager.m in Sources */ = {isa = PBXBuildFile; fileRef = F107BDD71F500E1D0012C345 /* AFHTTPSessionManager.m */; };
		F107BDFD1F500E1D0012C345 /* AFNetworkReachabilityManager.m in Sources */ = {isa = PBXBuildFile; fileRef = F107BDDA1F500E1D0012C345 /* AFNetworkReachabilityManager.m */; };
		F107BDFE1F500E1D0012C345 /* AFSecurityPolicy.m in Sources */ = {isa = PBXBuildFile; fileRef = F107BDDC1F500E1D0012C345 /* AFSecurityPolicy.m */; };
		F107BDFF1F500E1D0012C345 /* AFURLRequestSerialization.m in Sources */ = {isa = PBXBuildFile; fileRef = F107BDDE1F500E1D0012C345 /* AFURLRequestSerialization.m */; };
		F107BE001F500E1D0012C345 /* AFURLResponseSerialization.m in Sources */ = {isa = PBXBuildFile; fileRef = F107BDE01F500E1D0012C345 /* AFURLResponseSerialization.m */; };
		F107BE011F500E1D0012C345 /* AFURLSessionManager.m in Sources */ = {isa = PBXBuildFile; fileRef = F107BDE21F500E1D0012C345 /* AFURLSessionManager.m */; };
		F107BE031F500E1D0012C345 /* AFAutoPurgingImageCache.m in Sources */ = {isa = PBXBuildFile; fileRef = F107BDE91F500E1D0012C345 /* AFAutoPurgingImageCache.m */; };
		F107BE041F500E1D0012C345 /* AFImageDownloader.m in Sources */ = {isa = PBXBuildFile; fileRef = F107BDEB1F500E1D0012C345 /* AFImageDownloader.m */; };
		F107BE051F500E1D0012C345 /* AFNetworkActivityIndicatorManager.m in Sources */ = {isa = PBXBuildFile; fileRef = F107BDED1F500E1D0012C345 /* AFNetworkActivityIndicatorManager.m */; };
		F107BE061F500E1D0012C345 /* UIActivityIndicatorView+AFNetworking.m in Sources */ = {isa = PBXBuildFile; fileRef = F107BDEF1F500E1D0012C345 /* UIActivityIndicatorView+AFNetworking.m */; };
		F107BE071F500E1D0012C345 /* UIButton+AFNetworking.m in Sources */ = {isa = PBXBuildFile; fileRef = F107BDF11F500E1D0012C345 /* UIButton+AFNetworking.m */; };
		F107BE081F500E1D0012C345 /* UIImageView+AFNetworking.m in Sources */ = {isa = PBXBuildFile; fileRef = F107BDF41F500E1D0012C345 /* UIImageView+AFNetworking.m */; };
		F107BE091F500E1D0012C345 /* UIProgressView+AFNetworking.m in Sources */ = {isa = PBXBuildFile; fileRef = F107BDF71F500E1D0012C345 /* UIProgressView+AFNetworking.m */; };
		F107BE0A1F500E1D0012C345 /* UIRefreshControl+AFNetworking.m in Sources */ = {isa = PBXBuildFile; fileRef = F107BDF91F500E1D0012C345 /* UIRefreshControl+AFNetworking.m */; };
		F107BE0B1F500E1D0012C345 /* UIWebView+AFNetworking.m in Sources */ = {isa = PBXBuildFile; fileRef = F107BDFB1F500E1D0012C345 /* UIWebView+AFNetworking.m */; };
		F107BE0E1F50218D0012C345 /* NetworkTool.m in Sources */ = {isa = PBXBuildFile; fileRef = F107BE0D1F50218D0012C345 /* NetworkTool.m */; };
/* End PBXBuildFile section */

/* Begin PBXFileReference section */
		F107BDB51F4FF2550012C345 /* myApp.app */ = {isa = PBXFileReference; explicitFileType = wrapper.application; includeInIndex = 0; path = myApp.app; sourceTree = BUILT_PRODUCTS_DIR; };
		F107BDB91F4FF2550012C345 /* main.m */ = {isa = PBXFileReference; lastKnownFileType = sourcecode.c.objc; path = main.m; sourceTree = "<group>"; };
		F107BDBB1F4FF2550012C345 /* AppDelegate.h */ = {isa = PBXFileReference; lastKnownFileType = sourcecode.c.h; path = AppDelegate.h; sourceTree = "<group>"; };
		F107BDBC1F4FF2550012C345 /* AppDelegate.m */ = {isa = PBXFileReference; lastKnownFileType = sourcecode.c.objc; path = AppDelegate.m; sourceTree = "<group>"; };
		F107BDBE1F4FF2550012C345 /* ViewController.h */ = {isa = PBXFileReference; lastKnownFileType = sourcecode.c.h; path = ViewController.h; sourceTree = "<group>"; };
		F107BDBF1F4FF2550012C345 /* ViewController.m */ = {isa = PBXFileReference; lastKnownFileType = sourcecode.c.objc; path = ViewController.m; sourceTree = "<group>"; };
		F107BDC21F4FF2550012C345 /* Base */ = {isa = PBXFileReference; lastKnownFileType = file.storyboard; name = Base; path = Base.lproj/Main.storyboard; sourceTree = "<group>"; };
		F107BDC41F4FF2550012C345 /* Assets.xcassets */ = {isa = PBXFileReference; lastKnownFileType = folder.assetcatalog; path = Assets.xcassets; sourceTree = "<group>"; };
		F107BDC71F4FF2550012C345 /* Base */ = {isa = PBXFileReference; lastKnownFileType = file.storyboard; name = Base; path = Base.lproj/LaunchScreen.storyboard; sourceTree = "<group>"; };
		F107BDC91F4FF2550012C345 /* Info.plist */ = {isa = PBXFileReference; lastKnownFileType = text.plist.xml; path = Info.plist; sourceTree = "<group>"; };
		F107BDD11F500BCC0012C345 /* myPrefixHeader.pch */ = {isa = PBXFileReference; fileEncoding = 4; lastKnownFileType = sourcecode.c.h; path = myPrefixHeader.pch; sourceTree = "<group>"; };
		F107BDD61F500E1D0012C345 /* AFHTTPSessionManager.h */ = {isa = PBXFileReference; fileEncoding = 4; lastKnownFileType = sourcecode.c.h; path = AFHTTPSessionManager.h; sourceTree = "<group>"; };
		F107BDD71F500E1D0012C345 /* AFHTTPSessionManager.m */ = {isa = PBXFileReference; fileEncoding = 4; lastKnownFileType = sourcecode.c.objc; path = AFHTTPSessionManager.m; sourceTree = "<group>"; };
		F107BDD81F500E1D0012C345 /* AFNetworking.h */ = {isa = PBXFileReference; fileEncoding = 4; lastKnownFileType = sourcecode.c.h; path = AFNetworking.h; sourceTree = "<group>"; };
		F107BDD91F500E1D0012C345 /* AFNetworkReachabilityManager.h */ = {isa = PBXFileReference; fileEncoding = 4; lastKnownFileType = sourcecode.c.h; path = AFNetworkReachabilityManager.h; sourceTree = "<group>"; };
		F107BDDA1F500E1D0012C345 /* AFNetworkReachabilityManager.m */ = {isa = PBXFileReference; fileEncoding = 4; lastKnownFileType = sourcecode.c.objc; path = AFNetworkReachabilityManager.m; sourceTree = "<group>"; };
		F107BDDB1F500E1D0012C345 /* AFSecurityPolicy.h */ = {isa = PBXFileReference; fileEncoding = 4; lastKnownFileType = sourcecode.c.h; path = AFSecurityPolicy.h; sourceTree = "<group>"; };
		F107BDDC1F500E1D0012C345 /* AFSecurityPolicy.m */ = {isa = PBXFileReference; fileEncoding = 4; lastKnownFileType = sourcecode.c.objc; path = AFSecurityPolicy.m; sourceTree = "<group>"; };
		F107BDDD1F500E1D0012C345 /* AFURLRequestSerialization.h */ = {isa = PBXFileReference; fileEncoding = 4; lastKnownFileType = sourcecode.c.h; path = AFURLRequestSerialization.h; sourceTree = "<group>"; };
		F107BDDE1F500E1D0012C345 /* AFURLRequestSerialization.m */ = {isa = PBXFileReference; fileEncoding = 4; lastKnownFileType = sourcecode.c.objc; path = AFURLRequestSerialization.m; sourceTree = "<group>"; };
		F107BDDF1F500E1D0012C345 /* AFURLResponseSerialization.h */ = {isa = PBXFileReference; fileEncoding = 4; lastKnownFileType = sourcecode.c.h; path = AFURLResponseSerialization.h; sourceTree = "<group>"; };
		F107BDE01F500E1D0012C345 /* AFURLResponseSerialization.m */ = {isa = PBXFileReference; fileEncoding = 4; lastKnownFileType = sourcecode.c.objc; path = AFURLResponseSerialization.m; sourceTree = "<group>"; };
		F107BDE11F500E1D0012C345 /* AFURLSessionManager.h */ = {isa = PBXFileReference; fileEncoding = 4; lastKnownFileType = sourcecode.c.h; path = AFURLSessionManager.h; sourceTree = "<group>"; };
		F107BDE21F500E1D0012C345 /* AFURLSessionManager.m */ = {isa = PBXFileReference; fileEncoding = 4; lastKnownFileType = sourcecode.c.objc; path = AFURLSessionManager.m; sourceTree = "<group>"; };
		F107BDE81F500E1D0012C345 /* AFAutoPurgingImageCache.h */ = {isa = PBXFileReference; fileEncoding = 4; lastKnownFileType = sourcecode.c.h; path = AFAutoPurgingImageCache.h; sourceTree = "<group>"; };
		F107BDE91F500E1D0012C345 /* AFAutoPurgingImageCache.m */ = {isa = PBXFileReference; fileEncoding = 4; lastKnownFileType = sourcecode.c.objc; path = AFAutoPurgingImageCache.m; sourceTree = "<group>"; };
		F107BDEA1F500E1D0012C345 /* AFImageDownloader.h */ = {isa = PBXFileReference; fileEncoding = 4; lastKnownFileType = sourcecode.c.h; path = AFImageDownloader.h; sourceTree = "<group>"; };
		F107BDEB1F500E1D0012C345 /* AFImageDownloader.m */ = {isa = PBXFileReference; fileEncoding = 4; lastKnownFileType = sourcecode.c.objc; path = AFImageDownloader.m; sourceTree = "<group>"; };
		F107BDEC1F500E1D0012C345 /* AFNetworkActivityIndicatorManager.h */ = {isa = PBXFileReference; fileEncoding = 4; lastKnownFileType = sourcecode.c.h; path = AFNetworkActivityIndicatorManager.h; sourceTree = "<group>"; };
		F107BDED1F500E1D0012C345 /* AFNetworkActivityIndicatorManager.m */ = {isa = PBXFileReference; fileEncoding = 4; lastKnownFileType = sourcecode.c.objc; path = AFNetworkActivityIndicatorManager.m; sourceTree = "<group>"; };
		F107BDEE1F500E1D0012C345 /* UIActivityIndicatorView+AFNetworking.h */ = {isa = PBXFileReference; fileEncoding = 4; lastKnownFileType = sourcecode.c.h; path = "UIActivityIndicatorView+AFNetworking.h"; sourceTree = "<group>"; };
		F107BDEF1F500E1D0012C345 /* UIActivityIndicatorView+AFNetworking.m */ = {isa = PBXFileReference; fileEncoding = 4; lastKnownFileType = sourcecode.c.objc; path = "UIActivityIndicatorView+AFNetworking.m"; sourceTree = "<group>"; };
		F107BDF01F500E1D0012C345 /* UIButton+AFNetworking.h */ = {isa = PBXFileReference; fileEncoding = 4; lastKnownFileType = sourcecode.c.h; path = "UIButton+AFNetworking.h"; sourceTree = "<group>"; };
		F107BDF11F500E1D0012C345 /* UIButton+AFNetworking.m */ = {isa = PBXFileReference; fileEncoding = 4; lastKnownFileType = sourcecode.c.objc; path = "UIButton+AFNetworking.m"; sourceTree = "<group>"; };
		F107BDF21F500E1D0012C345 /* UIImage+AFNetworking.h */ = {isa = PBXFileReference; fileEncoding = 4; lastKnownFileType = sourcecode.c.h; path = "UIImage+AFNetworking.h"; sourceTree = "<group>"; };
		F107BDF31F500E1D0012C345 /* UIImageView+AFNetworking.h */ = {isa = PBXFileReference; fileEncoding = 4; lastKnownFileType = sourcecode.c.h; path = "UIImageView+AFNetworking.h"; sourceTree = "<group>"; };
		F107BDF41F500E1D0012C345 /* UIImageView+AFNetworking.m */ = {isa = PBXFileReference; fileEncoding = 4; lastKnownFileType = sourcecode.c.objc; path = "UIImageView+AFNetworking.m"; sourceTree = "<group>"; };
		F107BDF51F500E1D0012C345 /* UIKit+AFNetworking.h */ = {isa = PBXFileReference; fileEncoding = 4; lastKnownFileType = sourcecode.c.h; path = "UIKit+AFNetworking.h"; sourceTree = "<group>"; };
		F107BDF61F500E1D0012C345 /* UIProgressView+AFNetworking.h */ = {isa = PBXFileReference; fileEncoding = 4; lastKnownFileType = sourcecode.c.h; path = "UIProgressView+AFNetworking.h"; sourceTree = "<group>"; };
		F107BDF71F500E1D0012C345 /* UIProgressView+AFNetworking.m */ = {isa = PBXFileReference; fileEncoding = 4; lastKnownFileType = sourcecode.c.objc; path = "UIProgressView+AFNetworking.m"; sourceTree = "<group>"; };
		F107BDF81F500E1D0012C345 /* UIRefreshControl+AFNetworking.h */ = {isa = PBXFileReference; fileEncoding = 4; lastKnownFileType = sourcecode.c.h; path = "UIRefreshControl+AFNetworking.h"; sourceTree = "<group>"; };
		F107BDF91F500E1D0012C345 /* UIRefreshControl+AFNetworking.m */ = {isa = PBXFileReference; fileEncoding = 4; lastKnownFileType = sourcecode.c.objc; path = "UIRefreshControl+AFNetworking.m"; sourceTree = "<group>"; };
		F107BDFA1F500E1D0012C345 /* UIWebView+AFNetworking.h */ = {isa = PBXFileReference; fileEncoding = 4; lastKnownFileType = sourcecode.c.h; path = "UIWebView+AFNetworking.h"; sourceTree = "<group>"; };
		F107BDFB1F500E1D0012C345 /* UIWebView+AFNetworking.m */ = {isa = PBXFileReference; fileEncoding = 4; lastKnownFileType = sourcecode.c.objc; path = "UIWebView+AFNetworking.m"; sourceTree = "<group>"; };
		F107BE0C1F50218D0012C345 /* NetworkTool.h */ = {isa = PBXFileReference; fileEncoding = 4; lastKnownFileType = sourcecode.c.h; path = NetworkTool.h; sourceTree = "<group>"; };
		F107BE0D1F50218D0012C345 /* NetworkTool.m */ = {isa = PBXFileReference; fileEncoding = 4; lastKnownFileType = sourcecode.c.objc; path = NetworkTool.m; sourceTree = "<group>"; };
/* End PBXFileReference section */

/* Begin PBXFrameworksBuildPhase section */
		F107BDB21F4FF2550012C345 /* Frameworks */ = {
			isa = PBXFrameworksBuildPhase;
			buildActionMask = 2147483647;
			files = (
			);
			runOnlyForDeploymentPostprocessing = 0;
		};
/* End PBXFrameworksBuildPhase section */

/* Begin PBXGroup section */
		F107BDAC1F4FF2550012C345 = {
			isa = PBXGroup;
			children = (
				F107BDD41F500E1D0012C345 /* AFNetworking */,
				F107BDB71F4FF2550012C345 /* myApp */,
				F107BDB61F4FF2550012C345 /* Products */,
			);
			sourceTree = "<group>";
		};
		F107BDB61F4FF2550012C345 /* Products */ = {
			isa = PBXGroup;
			children = (
				F107BDB51F4FF2550012C345 /* myApp.app */,
			);
			name = Products;
			sourceTree = "<group>";
		};
		F107BDB71F4FF2550012C345 /* myApp */ = {
			isa = PBXGroup;
			children = (
				F107BDBB1F4FF2550012C345 /* AppDelegate.h */,
				F107BDBC1F4FF2550012C345 /* AppDelegate.m */,
				F107BDBE1F4FF2550012C345 /* ViewController.h */,
				F107BDBF1F4FF2550012C345 /* ViewController.m */,
				F107BDC11F4FF2550012C345 /* Main.storyboard */,
				F107BDC41F4FF2550012C345 /* Assets.xcassets */,
				F107BDC61F4FF2550012C345 /* LaunchScreen.storyboard */,
				F107BDC91F4FF2550012C345 /* Info.plist */,
				F107BE0C1F50218D0012C345 /* NetworkTool.h */,
				F107BE0D1F50218D0012C345 /* NetworkTool.m */,
				F107BDB81F4FF2550012C345 /* Supporting Files */,
			);
			path = myApp;
			sourceTree = "<group>";
		};
		F107BDB81F4FF2550012C345 /* Supporting Files */ = {
			isa = PBXGroup;
			children = (
				F107BDB91F4FF2550012C345 /* main.m */,
				F107BDD11F500BCC0012C345 /* myPrefixHeader.pch */,
			);
			name = "Supporting Files";
			sourceTree = "<group>";
		};
		F107BDD41F500E1D0012C345 /* AFNetworking */ = {
			isa = PBXGroup;
			children = (
				F107BDD51F500E1D0012C345 /* AFNetworking */,
				F107BDE71F500E1D0012C345 /* UIKit+AFNetworking */,
			);
			path = AFNetworking;
			sourceTree = "<group>";
		};
		F107BDD51F500E1D0012C345 /* AFNetworking */ = {
			isa = PBXGroup;
			children = (
				F107BDD81F500E1D0012C345 /* AFNetworking.h */,
				F107BDD61F500E1D0012C345 /* AFHTTPSessionManager.h */,
				F107BDD71F500E1D0012C345 /* AFHTTPSessionManager.m */,
				F107BDD91F500E1D0012C345 /* AFNetworkReachabilityManager.h */,
				F107BDDA1F500E1D0012C345 /* AFNetworkReachabilityManager.m */,
				F107BDDB1F500E1D0012C345 /* AFSecurityPolicy.h */,
				F107BDDC1F500E1D0012C345 /* AFSecurityPolicy.m */,
				F107BDDD1F500E1D0012C345 /* AFURLRequestSerialization.h */,
				F107BDDE1F500E1D0012C345 /* AFURLRequestSerialization.m */,
				F107BDDF1F500E1D0012C345 /* AFURLResponseSerialization.h */,
				F107BDE01F500E1D0012C345 /* AFURLResponseSerialization.m */,
				F107BDE11F500E1D0012C345 /* AFURLSessionManager.h */,
				F107BDE21F500E1D0012C345 /* AFURLSessionManager.m */,
			);
			path = AFNetworking;
			sourceTree = "<group>";
		};
		F107BDE71F500E1D0012C345 /* UIKit+AFNetworking */ = {
			isa = PBXGroup;
			children = (
				F107BDF51F500E1D0012C345 /* UIKit+AFNetworking.h */,
				F107BDE81F500E1D0012C345 /* AFAutoPurgingImageCache.h */,
				F107BDE91F500E1D0012C345 /* AFAutoPurgingImageCache.m */,
				F107BDEA1F500E1D0012C345 /* AFImageDownloader.h */,
				F107BDEB1F500E1D0012C345 /* AFImageDownloader.m */,
				F107BDEC1F500E1D0012C345 /* AFNetworkActivityIndicatorManager.h */,
				F107BDED1F500E1D0012C345 /* AFNetworkActivityIndicatorManager.m */,
				F107BDEE1F500E1D0012C345 /* UIActivityIndicatorView+AFNetworking.h */,
				F107BDEF1F500E1D0012C345 /* UIActivityIndicatorView+AFNetworking.m */,
				F107BDF01F500E1D0012C345 /* UIButton+AFNetworking.h */,
				F107BDF11F500E1D0012C345 /* UIButton+AFNetworking.m */,
				F107BDF21F500E1D0012C345 /* UIImage+AFNetworking.h */,
				F107BDF31F500E1D0012C345 /* UIImageView+AFNetworking.h */,
				F107BDF41F500E1D0012C345 /* UIImageView+AFNetworking.m */,
				F107BDF61F500E1D0012C345 /* UIProgressView+AFNetworking.h */,
				F107BDF71F500E1D0012C345 /* UIProgressView+AFNetworking.m */,
				F107BDF81F500E1D0012C345 /* UIRefreshControl+AFNetworking.h */,
				F107BDF91F500E1D0012C345 /* UIRefreshControl+AFNetworking.m */,
				F107BDFA1F500E1D0012C345 /* UIWebView+AFNetworking.h */,
				F107BDFB1F500E1D0012C345 /* UIWebView+AFNetworking.m */,
			);
			path = "UIKit+AFNetworking";
			sourceTree = "<group>";
		};
/* End PBXGroup section */

/* Begin PBXNativeTarget section */
		F107BDB41F4FF2550012C345 /* myApp */ = {
			isa = PBXNativeTarget;
			buildConfigurationList = F107BDCC1F4FF2550012C345 /* Build configuration list for PBXNativeTarget "myApp" */;
			buildPhases = (
				F107BDB11F4FF2550012C345 /* Sources */,
				F107BDB21F4FF2550012C345 /* Frameworks */,
				F107BDB31F4FF2550012C345 /* Resources */,
			);
			buildRules = (
			);
			dependencies = (
			);
			name = myApp;
			productName = myApp;
			productReference = F107BDB51F4FF2550012C345 /* myApp.app */;
			productType = "com.apple.product-type.application";
		};
/* End PBXNativeTarget section */

/* Begin PBXProject section */
		F107BDAD1F4FF2550012C345 /* Project object */ = {
			isa = PBXProject;
			attributes = {
				LastUpgradeCheck = 0820;
				ORGANIZATIONNAME = "张东伟";
				TargetAttributes = {
					F107BDB41F4FF2550012C345 = {
						CreatedOnToolsVersion = 8.2.1;
						ProvisioningStyle = Automatic;
					};
				};
			};
			buildConfigurationList = F107BDB01F4FF2550012C345 /* Build configuration list for PBXProject "myApp" */;
			compatibilityVersion = "Xcode 3.2";
			developmentRegion = English;
			hasScannedForEncodings = 0;
			knownRegions = (
				en,
				Base,
			);
			mainGroup = F107BDAC1F4FF2550012C345;
			productRefGroup = F107BDB61F4FF2550012C345 /* Products */;
			projectDirPath = "";
			projectRoot = "";
			targets = (
				F107BDB41F4FF2550012C345 /* myApp */,
			);
		};
/* End PBXProject section */

/* Begin PBXResourcesBuildPhase section */
		F107BDB31F4FF2550012C345 /* Resources */ = {
			isa = PBXResourcesBuildPhase;
			buildActionMask = 2147483647;
			files = (
				F107BDC81F4FF2550012C345 /* LaunchScreen.storyboard in Resources */,
				F107BDC51F4FF2550012C345 /* Assets.xcassets in Resources */,
				F107BDC31F4FF2550012C345 /* Main.storyboard in Resources */,
			);
			runOnlyForDeploymentPostprocessing = 0;
		};
/* End PBXResourcesBuildPhase section */

/* Begin PBXSourcesBuildPhase section */
		F107BDB11F4FF2550012C345 /* Sources */ = {
			isa = PBXSourcesBuildPhase;
			buildActionMask = 2147483647;
			files = (
				F107BE091F500E1D0012C345 /* UIProgressView+AFNetworking.m in Sources */,
				F107BE011F500E1D0012C345 /* AFURLSessionManager.m in Sources */,
				F107BE0B1F500E1D0012C345 /* UIWebView+AFNetworking.m in Sources */,
				F107BE0E1F50218D0012C345 /* NetworkTool.m in Sources */,
				F107BE081F500E1D0012C345 /* UIImageView+AFNetworking.m in Sources */,
				F107BDC01F4FF2550012C345 /* ViewController.m in Sources */,
				F107BE071F500E1D0012C345 /* UIButton+AFNetworking.m in Sources */,
				F107BDBD1F4FF2550012C345 /* AppDelegate.m in Sources */,
				F107BDFD1F500E1D0012C345 /* AFNetworkReachabilityManager.m in Sources */,
				F107BE0A1F500E1D0012C345 /* UIRefreshControl+AFNetworking.m in Sources */,
				F107BDBA1F4FF2550012C345 /* main.m in Sources */,
				F107BE031F500E1D0012C345 /* AFAutoPurgingImageCache.m in Sources */,
				F107BDFE1F500E1D0012C345 /* AFSecurityPolicy.m in Sources */,
				F107BDFF1F500E1D0012C345 /* AFURLRequestSerialization.m in Sources */,
				F107BE051F500E1D0012C345 /* AFNetworkActivityIndicatorManager.m in Sources */,
				F107BE001F500E1D0012C345 /* AFURLResponseSerialization.m in Sources */,
				F107BDFC1F500E1D0012C345 /* AFHTTPSessionManager.m in Sources */,
				F107BE041F500E1D0012C345 /* AFImageDownloader.m in Sources */,
				F107BE061F500E1D0012C345 /* UIActivityIndicatorView+AFNetworking.m in Sources */,
			);
			runOnlyForDeploymentPostprocessing = 0;
		};
/* End PBXSourcesBuildPhase section */

/* Begin PBXVariantGroup section */
		F107BDC11F4FF2550012C345 /* Main.storyboard */ = {
			isa = PBXVariantGroup;
			children = (
				F107BDC21F4FF2550012C345 /* Base */,
			);
			name = Main.storyboard;
			sourceTree = "<group>";
		};
		F107BDC61F4FF2550012C345 /* LaunchScreen.storyboard */ = {
			isa = PBXVariantGroup;
			children = (
				F107BDC71F4FF2550012C345 /* Base */,
			);
			name = LaunchScreen.storyboard;
			sourceTree = "<group>";
		};
/* End PBXVariantGroup section */

/* Begin XCBuildConfiguration section */
		F107BDCA1F4FF2550012C345 /* Debug */ = {
			isa = XCBuildConfiguration;
			buildSettings = {
				ALWAYS_SEARCH_USER_PATHS = NO;
				CLANG_ANALYZER_NONNULL = YES;
				CLANG_CXX_LANGUAGE_STANDARD = "gnu++0x";
				CLANG_CXX_LIBRARY = "libc++";
				CLANG_ENABLE_MODULES = YES;
				CLANG_ENABLE_OBJC_ARC = YES;
				CLANG_WARN_BOOL_CONVERSION = YES;
				CLANG_WARN_CONSTANT_CONVERSION = YES;
				CLANG_WARN_DIRECT_OBJC_ISA_USAGE = YES_ERROR;
				CLANG_WARN_DOCUMENTATION_COMMENTS = YES;
				CLANG_WARN_EMPTY_BODY = YES;
				CLANG_WARN_ENUM_CONVERSION = YES;
				CLANG_WARN_INFINITE_RECURSION = YES;
				CLANG_WARN_INT_CONVERSION = YES;
				CLANG_WARN_OBJC_ROOT_CLASS = YES_ERROR;
				CLANG_WARN_SUSPICIOUS_MOVE = YES;
				CLANG_WARN_UNREACHABLE_CODE = YES;
				CLANG_WARN__DUPLICATE_METHOD_MATCH = YES;
				"CODE_SIGN_IDENTITY[sdk=iphoneos*]" = "iPhone Developer";
				COPY_PHASE_STRIP = NO;
				DEBUG_INFORMATION_FORMAT = dwarf;
				ENABLE_STRICT_OBJC_MSGSEND = YES;
				ENABLE_TESTABILITY = YES;
				GCC_C_LANGUAGE_STANDARD = gnu99;
				GCC_DYNAMIC_NO_PIC = NO;
				GCC_NO_COMMON_BLOCKS = YES;
				GCC_OPTIMIZATION_LEVEL = 0;
				GCC_PREPROCESSOR_DEFINITIONS = (
					"DEBUG=1",
					"$(inherited)",
				);
				GCC_WARN_64_TO_32_BIT_CONVERSION = YES;
				GCC_WARN_ABOUT_RETURN_TYPE = YES_ERROR;
				GCC_WARN_UNDECLARED_SELECTOR = YES;
				GCC_WARN_UNINITIALIZED_AUTOS = YES_AGGRESSIVE;
				GCC_WARN_UNUSED_FUNCTION = YES;
				GCC_WARN_UNUSED_VARIABLE = YES;
				IPHONEOS_DEPLOYMENT_TARGET = 10.2;
				MTL_ENABLE_DEBUG_INFO = YES;
				ONLY_ACTIVE_ARCH = YES;
				SDKROOT = iphoneos;
			};
			name = Debug;
		};
		F107BDCB1F4FF2550012C345 /* Release */ = {
			isa = XCBuildConfiguration;
			buildSettings = {
				ALWAYS_SEARCH_USER_PATHS = NO;
				CLANG_ANALYZER_NONNULL = YES;
				CLANG_CXX_LANGUAGE_STANDARD = "gnu++0x";
				CLANG_CXX_LIBRARY = "libc++";
				CLANG_ENABLE_MODULES = YES;
				CLANG_ENABLE_OBJC_ARC = YES;
				CLANG_WARN_BOOL_CONVERSION = YES;
				CLANG_WARN_CONSTANT_CONVERSION = YES;
				CLANG_WARN_DIRECT_OBJC_ISA_USAGE = YES_ERROR;
				CLANG_WARN_DOCUMENTATION_COMMENTS = YES;
				CLANG_WARN_EMPTY_BODY = YES;
				CLANG_WARN_ENUM_CONVERSION = YES;
				CLANG_WARN_INFINITE_RECURSION = YES;
				CLANG_WARN_INT_CONVERSION = YES;
				CLANG_WARN_OBJC_ROOT_CLASS = YES_ERROR;
				CLANG_WARN_SUSPICIOUS_MOVE = YES;
				CLANG_WARN_UNREACHABLE_CODE = YES;
				CLANG_WARN__DUPLICATE_METHOD_MATCH = YES;
				"CODE_SIGN_IDENTITY[sdk=iphoneos*]" = "iPhone Developer";
				COPY_PHASE_STRIP = NO;
				DEBUG_INFORMATION_FORMAT = "dwarf-with-dsym";
				ENABLE_NS_ASSERTIONS = NO;
				ENABLE_STRICT_OBJC_MSGSEND = YES;
				GCC_C_LANGUAGE_STANDARD = gnu99;
				GCC_NO_COMMON_BLOCKS = YES;
				GCC_WARN_64_TO_32_BIT_CONVERSION = YES;
				GCC_WARN_ABOUT_RETURN_TYPE = YES_ERROR;
				GCC_WARN_UNDECLARED_SELECTOR = YES;
				GCC_WARN_UNINITIALIZED_AUTOS = YES_AGGRESSIVE;
				GCC_WARN_UNUSED_FUNCTION = YES;
				GCC_WARN_UNUSED_VARIABLE = YES;
				IPHONEOS_DEPLOYMENT_TARGET = 10.2;
				MTL_ENABLE_DEBUG_INFO = NO;
				SDKROOT = iphoneos;
				VALIDATE_PRODUCT = YES;
			};
			name = Release;
		};
		F107BDCD1F4FF2550012C345 /* Debug */ = {
			isa = XCBuildConfiguration;
			buildSettings = {
				ASSETCATALOG_COMPILER_APPICON_NAME = AppIcon;
				GCC_PREFIX_HEADER = myApp/myPrefixHeader.pch;
				INFOPLIST_FILE = myApp/Info.plist;
				LD_RUNPATH_SEARCH_PATHS = "$(inherited) @executable_path/Frameworks";
				PRODUCT_BUNDLE_IDENTIFIER = zdw.myApp;
				PRODUCT_NAME = "$(TARGET_NAME)";
			};
			name = Debug;
		};
		F107BDCE1F4FF2550012C345 /* Release */ = {
			isa = XCBuildConfiguration;
			buildSettings = {
				ASSETCATALOG_COMPILER_APPICON_NAME = AppIcon;
				GCC_PREFIX_HEADER = myApp/myPrefixHeader.pch;
				INFOPLIST_FILE = myApp/Info.plist;
				LD_RUNPATH_SEARCH_PATHS = "$(inherited) @executable_path/Frameworks";
				PRODUCT_BUNDLE_IDENTIFIER = zdw.myApp;
				PRODUCT_NAME = "$(TARGET_NAME)";
			};
			name = Release;
		};
/* End XCBuildConfiguration section */

/* Begin XCConfigurationList section */
		F107BDB01F4FF2550012C345 /* Build configuration list for PBXProject "myApp" */ = {
			isa = XCConfigurationList;
			buildConfigurations = (
				F107BDCA1F4FF2550012C345 /* Debug */,
				F107BDCB1F4FF2550012C345 /* Release */,
			);
			defaultConfigurationIsVisible = 0;
			defaultConfigurationName = Release;
		};
		F107BDCC1F4FF2550012C345 /* Build configuration list for PBXNativeTarget "myApp" */ = {
			isa = XCConfigurationList;
			buildConfigurations = (
				F107BDCD1F4FF2550012C345 /* Debug */,
				F107BDCE1F4FF2550012C345 /* Release */,
			);
			defaultConfigurationIsVisible = 0;
			defaultConfigurationName = Release;
		};
/* End XCConfigurationList section */
	};
	rootObject = F107BDAD1F4FF2550012C345 /* Project object */;
}
