// !$*UTF8*$!
{
	archiveVersion = 1;
	classes = {
	};
	objectVersion = 46;
	objects = {

/* Begin PBXBuildFile section */
		F10946881DCC1D1100BB16AC /* main.m in Sources */ = {isa = PBXBuildFile; fileRef = F10946871DCC1D1100BB16AC /* main.m */; };
		F109468B1DCC1D1100BB16AC /* AppDelegate.m in Sources */ = {isa = PBXBuildFile; fileRef = F109468A1DCC1D1100BB16AC /* AppDelegate.m */; };
		F109468E1DCC1D1100BB16AC /* ViewController.m in Sources */ = {isa = PBXBuildFile; fileRef = F109468D1DCC1D1100BB16AC /* ViewController.m */; };
		F10946911DCC1D1100BB16AC /* Main.storyboard in Resources */ = {isa = PBXBuildFile; fileRef = F109468F1DCC1D1100BB16AC /* Main.storyboard */; };
		F10946931DCC1D1100BB16AC /* Assets.xcassets in Resources */ = {isa = PBXBuildFile; fileRef = F10946921DCC1D1100BB16AC /* Assets.xcassets */; };
		F10946961DCC1D1100BB16AC /* LaunchScreen.storyboard in Resources */ = {isa = PBXBuildFile; fileRef = F10946941DCC1D1100BB16AC /* LaunchScreen.storyboard */; };
		F10946A11DCC1D1100BB16AC /* pageControllerTests.m in Sources */ = {isa = PBXBuildFile; fileRef = F10946A01DCC1D1100BB16AC /* pageControllerTests.m */; };
		F10946AC1DCC1D1100BB16AC /* pageControllerUITests.m in Sources */ = {isa = PBXBuildFile; fileRef = F10946AB1DCC1D1100BB16AC /* pageControllerUITests.m */; };
/* End PBXBuildFile section */

/* Begin PBXContainerItemProxy section */
		F109469D1DCC1D1100BB16AC /* PBXContainerItemProxy */ = {
			isa = PBXContainerItemProxy;
			containerPortal = F109467B1DCC1D1100BB16AC /* Project object */;
			proxyType = 1;
			remoteGlobalIDString = F10946821DCC1D1100BB16AC;
			remoteInfo = pageController;
		};
		F10946A81DCC1D1100BB16AC /* PBXContainerItemProxy */ = {
			isa = PBXContainerItemProxy;
			containerPortal = F109467B1DCC1D1100BB16AC /* Project object */;
			proxyType = 1;
			remoteGlobalIDString = F10946821DCC1D1100BB16AC;
			remoteInfo = pageController;
		};
/* End PBXContainerItemProxy section */

/* Begin PBXFileReference section */
		F10946831DCC1D1100BB16AC /* pageController.app */ = {isa = PBXFileReference; explicitFileType = wrapper.application; includeInIndex = 0; path = pageController.app; sourceTree = BUILT_PRODUCTS_DIR; };
		F10946871DCC1D1100BB16AC /* main.m */ = {isa = PBXFileReference; lastKnownFileType = sourcecode.c.objc; path = main.m; sourceTree = "<group>"; };
		F10946891DCC1D1100BB16AC /* AppDelegate.h */ = {isa = PBXFileReference; lastKnownFileType = sourcecode.c.h; path = AppDelegate.h; sourceTree = "<group>"; };
		F109468A1DCC1D1100BB16AC /* AppDelegate.m */ = {isa = PBXFileReference; lastKnownFileType = sourcecode.c.objc; path = AppDelegate.m; sourceTree = "<group>"; };
		F109468C1DCC1D1100BB16AC /* ViewController.h */ = {isa = PBXFileReference; lastKnownFileType = sourcecode.c.h; path = ViewController.h; sourceTree = "<group>"; };
		F109468D1DCC1D1100BB16AC /* ViewController.m */ = {isa = PBXFileReference; lastKnownFileType = sourcecode.c.objc; path = ViewController.m; sourceTree = "<group>"; };
		F10946901DCC1D1100BB16AC /* Base */ = {isa = PBXFileReference; lastKnownFileType = file.storyboard; name = Base; path = Base.lproj/Main.storyboard; sourceTree = "<group>"; };
		F10946921DCC1D1100BB16AC /* Assets.xcassets */ = {isa = PBXFileReference; lastKnownFileType = folder.assetcatalog; path = Assets.xcassets; sourceTree = "<group>"; };
		F10946951DCC1D1100BB16AC /* Base */ = {isa = PBXFileReference; lastKnownFileType = file.storyboard; name = Base; path = Base.lproj/LaunchScreen.storyboard; sourceTree = "<group>"; };
		F10946971DCC1D1100BB16AC /* Info.plist */ = {isa = PBXFileReference; lastKnownFileType = text.plist.xml; path = Info.plist; sourceTree = "<group>"; };
		F109469C1DCC1D1100BB16AC /* pageControllerTests.xctest */ = {isa = PBXFileReference; explicitFileType = wrapper.cfbundle; includeInIndex = 0; path = pageControllerTests.xctest; sourceTree = BUILT_PRODUCTS_DIR; };
		F10946A01DCC1D1100BB16AC /* pageControllerTests.m */ = {isa = PBXFileReference; lastKnownFileType = sourcecode.c.objc; path = pageControllerTests.m; sourceTree = "<group>"; };
		F10946A21DCC1D1100BB16AC /* Info.plist */ = {isa = PBXFileReference; lastKnownFileType = text.plist.xml; path = Info.plist; sourceTree = "<group>"; };
		F10946A71DCC1D1100BB16AC /* pageControllerUITests.xctest */ = {isa = PBXFileReference; explicitFileType = wrapper.cfbundle; includeInIndex = 0; path = pageControllerUITests.xctest; sourceTree = BUILT_PRODUCTS_DIR; };
		F10946AB1DCC1D1100BB16AC /* pageControllerUITests.m */ = {isa = PBXFileReference; lastKnownFileType = sourcecode.c.objc; path = pageControllerUITests.m; sourceTree = "<group>"; };
		F10946AD1DCC1D1100BB16AC /* Info.plist */ = {isa = PBXFileReference; lastKnownFileType = text.plist.xml; path = Info.plist; sourceTree = "<group>"; };
		F10946B91DCC2C7A00BB16AC /* DEFINES.h */ = {isa = PBXFileReference; lastKnownFileType = sourcecode.c.h; path = DEFINES.h; sourceTree = "<group>"; };
/* End PBXFileReference section */

/* Begin PBXFrameworksBuildPhase section */
		F10946801DCC1D1100BB16AC /* Frameworks */ = {
			isa = PBXFrameworksBuildPhase;
			buildActionMask = 2147483647;
			files = (
			);
			runOnlyForDeploymentPostprocessing = 0;
		};
		F10946991DCC1D1100BB16AC /* Frameworks */ = {
			isa = PBXFrameworksBuildPhase;
			buildActionMask = 2147483647;
			files = (
			);
			runOnlyForDeploymentPostprocessing = 0;
		};
		F10946A41DCC1D1100BB16AC /* Frameworks */ = {
			isa = PBXFrameworksBuildPhase;
			buildActionMask = 2147483647;
			files = (
			);
			runOnlyForDeploymentPostprocessing = 0;
		};
/* End PBXFrameworksBuildPhase section */

/* Begin PBXGroup section */
		F109467A1DCC1D1100BB16AC = {
			isa = PBXGroup;
			children = (
				F10946851DCC1D1100BB16AC /* pageController */,
				F109469F1DCC1D1100BB16AC /* pageControllerTests */,
				F10946AA1DCC1D1100BB16AC /* pageControllerUITests */,
				F10946841DCC1D1100BB16AC /* Products */,
			);
			sourceTree = "<group>";
		};
		F10946841DCC1D1100BB16AC /* Products */ = {
			isa = PBXGroup;
			children = (
				F10946831DCC1D1100BB16AC /* pageController.app */,
				F109469C1DCC1D1100BB16AC /* pageControllerTests.xctest */,
				F10946A71DCC1D1100BB16AC /* pageControllerUITests.xctest */,
			);
			name = Products;
			sourceTree = "<group>";
		};
		F10946851DCC1D1100BB16AC /* pageController */ = {
			isa = PBXGroup;
			children = (
				F10946B91DCC2C7A00BB16AC /* DEFINES.h */,
				F10946891DCC1D1100BB16AC /* AppDelegate.h */,
				F109468A1DCC1D1100BB16AC /* AppDelegate.m */,
				F109468C1DCC1D1100BB16AC /* ViewController.h */,
				F109468D1DCC1D1100BB16AC /* ViewController.m */,
				F109468F1DCC1D1100BB16AC /* Main.storyboard */,
				F10946941DCC1D1100BB16AC /* LaunchScreen.storyboard */,
				F10946861DCC1D1100BB16AC /* Supporting Files */,
			);
			path = pageController;
			sourceTree = "<group>";
		};
		F10946861DCC1D1100BB16AC /* Supporting Files */ = {
			isa = PBXGroup;
			children = (
				F10946921DCC1D1100BB16AC /* Assets.xcassets */,
				F10946971DCC1D1100BB16AC /* Info.plist */,
				F10946871DCC1D1100BB16AC /* main.m */,
			);
			name = "Supporting Files";
			sourceTree = "<group>";
		};
		F109469F1DCC1D1100BB16AC /* pageControllerTests */ = {
			isa = PBXGroup;
			children = (
				F10946A01DCC1D1100BB16AC /* pageControllerTests.m */,
				F10946A21DCC1D1100BB16AC /* Info.plist */,
			);
			path = pageControllerTests;
			sourceTree = "<group>";
		};
		F10946AA1DCC1D1100BB16AC /* pageControllerUITests */ = {
			isa = PBXGroup;
			children = (
				F10946AB1DCC1D1100BB16AC /* pageControllerUITests.m */,
				F10946AD1DCC1D1100BB16AC /* Info.plist */,
			);
			path = pageControllerUITests;
			sourceTree = "<group>";
		};
/* End PBXGroup section */

/* Begin PBXNativeTarget section */
		F10946821DCC1D1100BB16AC /* pageController */ = {
			isa = PBXNativeTarget;
			buildConfigurationList = F10946B01DCC1D1100BB16AC /* Build configuration list for PBXNativeTarget "pageController" */;
			buildPhases = (
				F109467F1DCC1D1100BB16AC /* Sources */,
				F10946801DCC1D1100BB16AC /* Frameworks */,
				F10946811DCC1D1100BB16AC /* Resources */,
			);
			buildRules = (
			);
			dependencies = (
			);
			name = pageController;
			productName = pageController;
			productReference = F10946831DCC1D1100BB16AC /* pageController.app */;
			productType = "com.apple.product-type.application";
		};
		F109469B1DCC1D1100BB16AC /* pageControllerTests */ = {
			isa = PBXNativeTarget;
			buildConfigurationList = F10946B31DCC1D1100BB16AC /* Build configuration list for PBXNativeTarget "pageControllerTests" */;
			buildPhases = (
				F10946981DCC1D1100BB16AC /* Sources */,
				F10946991DCC1D1100BB16AC /* Frameworks */,
				F109469A1DCC1D1100BB16AC /* Resources */,
			);
			buildRules = (
			);
			dependencies = (
				F109469E1DCC1D1100BB16AC /* PBXTargetDependency */,
			);
			name = pageControllerTests;
			productName = pageControllerTests;
			productReference = F109469C1DCC1D1100BB16AC /* pageControllerTests.xctest */;
			productType = "com.apple.product-type.bundle.unit-test";
		};
		F10946A61DCC1D1100BB16AC /* pageControllerUITests */ = {
			isa = PBXNativeTarget;
			buildConfigurationList = F10946B61DCC1D1100BB16AC /* Build configuration list for PBXNativeTarget "pageControllerUITests" */;
			buildPhases = (
				F10946A31DCC1D1100BB16AC /* Sources */,
				F10946A41DCC1D1100BB16AC /* Frameworks */,
				F10946A51DCC1D1100BB16AC /* Resources */,
			);
			buildRules = (
			);
			dependencies = (
				F10946A91DCC1D1100BB16AC /* PBXTargetDependency */,
			);
			name = pageControllerUITests;
			productName = pageControllerUITests;
			productReference = F10946A71DCC1D1100BB16AC /* pageControllerUITests.xctest */;
			productType = "com.apple.product-type.bundle.ui-testing";
		};
/* End PBXNativeTarget section */

/* Begin PBXProject section */
		F109467B1DCC1D1100BB16AC /* Project object */ = {
			isa = PBXProject;
			attributes = {
				LastUpgradeCheck = 0800;
				ORGANIZATIONNAME = ZhangDongwei;
				TargetAttributes = {
					F10946821DCC1D1100BB16AC = {
						CreatedOnToolsVersion = 8.0;
						ProvisioningStyle = Automatic;
					};
					F109469B1DCC1D1100BB16AC = {
						CreatedOnToolsVersion = 8.0;
						ProvisioningStyle = Automatic;
						TestTargetID = F10946821DCC1D1100BB16AC;
					};
					F10946A61DCC1D1100BB16AC = {
						CreatedOnToolsVersion = 8.0;
						ProvisioningStyle = Automatic;
						TestTargetID = F10946821DCC1D1100BB16AC;
					};
				};
			};
			buildConfigurationList = F109467E1DCC1D1100BB16AC /* Build configuration list for PBXProject "pageController" */;
			compatibilityVersion = "Xcode 3.2";
			developmentRegion = English;
			hasScannedForEncodings = 0;
			knownRegions = (
				en,
				Base,
			);
			mainGroup = F109467A1DCC1D1100BB16AC;
			productRefGroup = F10946841DCC1D1100BB16AC /* Products */;
			projectDirPath = "";
			projectRoot = "";
			targets = (
				F10946821DCC1D1100BB16AC /* pageController */,
				F109469B1DCC1D1100BB16AC /* pageControllerTests */,
				F10946A61DCC1D1100BB16AC /* pageControllerUITests */,
			);
		};
/* End PBXProject section */

/* Begin PBXResourcesBuildPhase section */
		F10946811DCC1D1100BB16AC /* Resources */ = {
			isa = PBXResourcesBuildPhase;
			buildActionMask = 2147483647;
			files = (
				F10946961DCC1D1100BB16AC /* LaunchScreen.storyboard in Resources */,
				F10946931DCC1D1100BB16AC /* Assets.xcassets in Resources */,
				F10946911DCC1D1100BB16AC /* Main.storyboard in Resources */,
			);
			runOnlyForDeploymentPostprocessing = 0;
		};
		F109469A1DCC1D1100BB16AC /* Resources */ = {
			isa = PBXResourcesBuildPhase;
			buildActionMask = 2147483647;
			files = (
			);
			runOnlyForDeploymentPostprocessing = 0;
		};
		F10946A51DCC1D1100BB16AC /* Resources */ = {
			isa = PBXResourcesBuildPhase;
			buildActionMask = 2147483647;
			files = (
			);
			runOnlyForDeploymentPostprocessing = 0;
		};
/* End PBXResourcesBuildPhase section */

/* Begin PBXSourcesBuildPhase section */
		F109467F1DCC1D1100BB16AC /* Sources */ = {
			isa = PBXSourcesBuildPhase;
			buildActionMask = 2147483647;
			files = (
				F109468E1DCC1D1100BB16AC /* ViewController.m in Sources */,
				F109468B1DCC1D1100BB16AC /* AppDelegate.m in Sources */,
				F10946881DCC1D1100BB16AC /* main.m in Sources */,
			);
			runOnlyForDeploymentPostprocessing = 0;
		};
		F10946981DCC1D1100BB16AC /* Sources */ = {
			isa = PBXSourcesBuildPhase;
			buildActionMask = 2147483647;
			files = (
				F10946A11DCC1D1100BB16AC /* pageControllerTests.m in Sources */,
			);
			runOnlyForDeploymentPostprocessing = 0;
		};
		F10946A31DCC1D1100BB16AC /* Sources */ = {
			isa = PBXSourcesBuildPhase;
			buildActionMask = 2147483647;
			files = (
				F10946AC1DCC1D1100BB16AC /* pageControllerUITests.m in Sources */,
			);
			runOnlyForDeploymentPostprocessing = 0;
		};
/* End PBXSourcesBuildPhase section */

/* Begin PBXTargetDependency section */
		F109469E1DCC1D1100BB16AC /* PBXTargetDependency */ = {
			isa = PBXTargetDependency;
			target = F10946821DCC1D1100BB16AC /* pageController */;
			targetProxy = F109469D1DCC1D1100BB16AC /* PBXContainerItemProxy */;
		};
		F10946A91DCC1D1100BB16AC /* PBXTargetDependency */ = {
			isa = PBXTargetDependency;
			target = F10946821DCC1D1100BB16AC /* pageController */;
			targetProxy = F10946A81DCC1D1100BB16AC /* PBXContainerItemProxy */;
		};
/* End PBXTargetDependency section */

/* Begin PBXVariantGroup section */
		F109468F1DCC1D1100BB16AC /* Main.storyboard */ = {
			isa = PBXVariantGroup;
			children = (
				F10946901DCC1D1100BB16AC /* Base */,
			);
			name = Main.storyboard;
			sourceTree = "<group>";
		};
		F10946941DCC1D1100BB16AC /* LaunchScreen.storyboard */ = {
			isa = PBXVariantGroup;
			children = (
				F10946951DCC1D1100BB16AC /* Base */,
			);
			name = LaunchScreen.storyboard;
			sourceTree = "<group>";
		};
/* End PBXVariantGroup section */

/* Begin XCBuildConfiguration section */
		F10946AE1DCC1D1100BB16AC /* Debug */ = {
			isa = XCBuildConfiguration;
			buildSettings = {
				ALWAYS_SEARCH_USER_PATHS = NO;
				CLANG_ANALYZER_NONNULL = YES;
				CLANG_CXX_LANGUAGE_STANDARD = "gnu++0x";
				CLANG_CXX_LIBRARY = "libc++";
				CLANG_ENABLE_MODULES = YES;
				CLANG_ENABLE_OBJC_ARC = YES;
				CLANG_WARN_BOOL_CONVERSION = YES;
				CLANG_WARN_CONSTANT_CONVERSION = YES;
				CLANG_WARN_DIRECT_OBJC_ISA_USAGE = YES_ERROR;
				CLANG_WARN_DOCUMENTATION_COMMENTS = YES;
				CLANG_WARN_EMPTY_BODY = YES;
				CLANG_WARN_ENUM_CONVERSION = YES;
				CLANG_WARN_INFINITE_RECURSION = YES;
				CLANG_WARN_INT_CONVERSION = YES;
				CLANG_WARN_OBJC_ROOT_CLASS = YES_ERROR;
				CLANG_WARN_SUSPICIOUS_MOVES = YES;
				CLANG_WARN_UNREACHABLE_CODE = YES;
				CLANG_WARN__DUPLICATE_METHOD_MATCH = YES;
				"CODE_SIGN_IDENTITY[sdk=iphoneos*]" = "iPhone Developer";
				COPY_PHASE_STRIP = NO;
				DEBUG_INFORMATION_FORMAT = dwarf;
				ENABLE_STRICT_OBJC_MSGSEND = YES;
				ENABLE_TESTABILITY = YES;
				GCC_C_LANGUAGE_STANDARD = gnu99;
				GCC_DYNAMIC_NO_PIC = NO;
				GCC_NO_COMMON_BLOCKS = YES;
				GCC_OPTIMIZATION_LEVEL = 0;
				GCC_PREPROCESSOR_DEFINITIONS = (
					"DEBUG=1",
					"$(inherited)",
				);
				GCC_WARN_64_TO_32_BIT_CONVERSION = YES;
				GCC_WARN_ABOUT_RETURN_TYPE = YES_ERROR;
				GCC_WARN_UNDECLARED_SELECTOR = YES;
				GCC_WARN_UNINITIALIZED_AUTOS = YES_AGGRESSIVE;
				GCC_WARN_UNUSED_FUNCTION = YES;
				GCC_WARN_UNUSED_VARIABLE = YES;
				IPHONEOS_DEPLOYMENT_TARGET = 10.0;
				MTL_ENABLE_DEBUG_INFO = YES;
				ONLY_ACTIVE_ARCH = YES;
				SDKROOT = iphoneos;
			};
			name = Debug;
		};
		F10946AF1DCC1D1100BB16AC /* Release */ = {
			isa = XCBuildConfiguration;
			buildSettings = {
				ALWAYS_SEARCH_USER_PATHS = NO;
				CLANG_ANALYZER_NONNULL = YES;
				CLANG_CXX_LANGUAGE_STANDARD = "gnu++0x";
				CLANG_CXX_LIBRARY = "libc++";
				CLANG_ENABLE_MODULES = YES;
				CLANG_ENABLE_OBJC_ARC = YES;
				CLANG_WARN_BOOL_CONVERSION = YES;
				CLANG_WARN_CONSTANT_CONVERSION = YES;
				CLANG_WARN_DIRECT_OBJC_ISA_USAGE = YES_ERROR;
				CLANG_WARN_DOCUMENTATION_COMMENTS = YES;
				CLANG_WARN_EMPTY_BODY = YES;
				CLANG_WARN_ENUM_CONVERSION = YES;
				CLANG_WARN_INFINITE_RECURSION = YES;
				CLANG_WARN_INT_CONVERSION = YES;
				CLANG_WARN_OBJC_ROOT_CLASS = YES_ERROR;
				CLANG_WARN_SUSPICIOUS_MOVES = YES;
				CLANG_WARN_UNREACHABLE_CODE = YES;
				CLANG_WARN__DUPLICATE_METHOD_MATCH = YES;
				"CODE_SIGN_IDENTITY[sdk=iphoneos*]" = "iPhone Developer";
				COPY_PHASE_STRIP = NO;
				DEBUG_INFORMATION_FORMAT = "dwarf-with-dsym";
				ENABLE_NS_ASSERTIONS = NO;
				ENABLE_STRICT_OBJC_MSGSEND = YES;
				GCC_C_LANGUAGE_STANDARD = gnu99;
				GCC_NO_COMMON_BLOCKS = YES;
				GCC_WARN_64_TO_32_BIT_CONVERSION = YES;
				GCC_WARN_ABOUT_RETURN_TYPE = YES_ERROR;
				GCC_WARN_UNDECLARED_SELECTOR = YES;
				GCC_WARN_UNINITIALIZED_AUTOS = YES_AGGRESSIVE;
				GCC_WARN_UNUSED_FUNCTION = YES;
				GCC_WARN_UNUSED_VARIABLE = YES;
				IPHONEOS_DEPLOYMENT_TARGET = 10.0;
				MTL_ENABLE_DEBUG_INFO = NO;
				SDKROOT = iphoneos;
				VALIDATE_PRODUCT = YES;
			};
			name = Release;
		};
		F10946B11DCC1D1100BB16AC /* Debug */ = {
			isa = XCBuildConfiguration;
			buildSettings = {
				ASSETCATALOG_COMPILER_APPICON_NAME = AppIcon;
				INFOPLIST_FILE = pageController/Info.plist;
				LD_RUNPATH_SEARCH_PATHS = "$(inherited) @executable_path/Frameworks";
				PRODUCT_BUNDLE_IDENTIFIER = AcmPractice.pageController;
				PRODUCT_NAME = "$(TARGET_NAME)";
			};
			name = Debug;
		};
		F10946B21DCC1D1100BB16AC /* Release */ = {
			isa = XCBuildConfiguration;
			buildSettings = {
				ASSETCATALOG_COMPILER_APPICON_NAME = AppIcon;
				INFOPLIST_FILE = pageController/Info.plist;
				LD_RUNPATH_SEARCH_PATHS = "$(inherited) @executable_path/Frameworks";
				PRODUCT_BUNDLE_IDENTIFIER = AcmPractice.pageController;
				PRODUCT_NAME = "$(TARGET_NAME)";
			};
			name = Release;
		};
		F10946B41DCC1D1100BB16AC /* Debug */ = {
			isa = XCBuildConfiguration;
			buildSettings = {
				BUNDLE_LOADER = "$(TEST_HOST)";
				INFOPLIST_FILE = pageControllerTests/Info.plist;
				LD_RUNPATH_SEARCH_PATHS = "$(inherited) @executable_path/Frameworks @loader_path/Frameworks";
				PRODUCT_BUNDLE_IDENTIFIER = AcmPractice.pageControllerTests;
				PRODUCT_NAME = "$(TARGET_NAME)";
				TEST_HOST = "$(BUILT_PRODUCTS_DIR)/pageController.app/pageController";
			};
			name = Debug;
		};
		F10946B51DCC1D1100BB16AC /* Release */ = {
			isa = XCBuildConfiguration;
			buildSettings = {
				BUNDLE_LOADER = "$(TEST_HOST)";
				INFOPLIST_FILE = pageControllerTests/Info.plist;
				LD_RUNPATH_SEARCH_PATHS = "$(inherited) @executable_path/Frameworks @loader_path/Frameworks";
				PRODUCT_BUNDLE_IDENTIFIER = AcmPractice.pageControllerTests;
				PRODUCT_NAME = "$(TARGET_NAME)";
				TEST_HOST = "$(BUILT_PRODUCTS_DIR)/pageController.app/pageController";
			};
			name = Release;
		};
		F10946B71DCC1D1100BB16AC /* Debug */ = {
			isa = XCBuildConfiguration;
			buildSettings = {
				INFOPLIST_FILE = pageControllerUITests/Info.plist;
				LD_RUNPATH_SEARCH_PATHS = "$(inherited) @executable_path/Frameworks @loader_path/Frameworks";
				PRODUCT_BUNDLE_IDENTIFIER = AcmPractice.pageControllerUITests;
				PRODUCT_NAME = "$(TARGET_NAME)";
				TEST_TARGET_NAME = pageController;
			};
			name = Debug;
		};
		F10946B81DCC1D1100BB16AC /* Release */ = {
			isa = XCBuildConfiguration;
			buildSettings = {
				INFOPLIST_FILE = pageControllerUITests/Info.plist;
				LD_RUNPATH_SEARCH_PATHS = "$(inherited) @executable_path/Frameworks @loader_path/Frameworks";
				PRODUCT_BUNDLE_IDENTIFIER = AcmPractice.pageControllerUITests;
				PRODUCT_NAME = "$(TARGET_NAME)";
				TEST_TARGET_NAME = pageController;
			};
			name = Release;
		};
/* End XCBuildConfiguration section */

/* Begin XCConfigurationList section */
		F109467E1DCC1D1100BB16AC /* Build configuration list for PBXProject "pageController" */ = {
			isa = XCConfigurationList;
			buildConfigurations = (
				F10946AE1DCC1D1100BB16AC /* Debug */,
				F10946AF1DCC1D1100BB16AC /* Release */,
			);
			defaultConfigurationIsVisible = 0;
			defaultConfigurationName = Release;
		};
		F10946B01DCC1D1100BB16AC /* Build configuration list for PBXNativeTarget "pageController" */ = {
			isa = XCConfigurationList;
			buildConfigurations = (
				F10946B11DCC1D1100BB16AC /* Debug */,
				F10946B21DCC1D1100BB16AC /* Release */,
			);
			defaultConfigurationIsVisible = 0;
		};
		F10946B31DCC1D1100BB16AC /* Build configuration list for PBXNativeTarget "pageControllerTests" */ = {
			isa = XCConfigurationList;
			buildConfigurations = (
				F10946B41DCC1D1100BB16AC /* Debug */,
				F10946B51DCC1D1100BB16AC /* Release */,
			);
			defaultConfigurationIsVisible = 0;
		};
		F10946B61DCC1D1100BB16AC /* Build configuration list for PBXNativeTarget "pageControllerUITests" */ = {
			isa = XCConfigurationList;
			buildConfigurations = (
				F10946B71DCC1D1100BB16AC /* Debug */,
				F10946B81DCC1D1100BB16AC /* Release */,
			);
			defaultConfigurationIsVisible = 0;
		};
/* End XCConfigurationList section */
	};
	rootObject = F109467B1DCC1D1100BB16AC /* Project object */;
}
